
Microsoft Visual Studio Solution File, Format Version 12.00
# Visual Studio Version 17
VisualStudioVersion = 17.7.34018.315
MinimumVisualStudioVersion = 10.0.40219.1
Project("{FAE04EC0-301F-11D3-BF4B-00C04F79EFBC}") = "Entities", "Entities\Entities.csproj", "{D92A96D2-F6A2-4EFF-B99F-59EB2BBD905D}"
EndProject
Project("{FAE04EC0-301F-11D3-BF4B-00C04F79EFBC}") = "DataAccess", "DataAccess\DataAccess.csproj", "{6436E56F-B7AE-4DD3-8C17-A03472F282D9}"
EndProject
Project("{FAE04EC0-301F-11D3-BF4B-00C04F79EFBC}") = "Core", "Core\Core.csproj", "{EB61CCF4-CB8A-4DB3-8ABA-A17CBC47DF94}"
EndProject
Project("{FAE04EC0-301F-11D3-BF4B-00C04F79EFBC}") = "Business", "Business\Business.csproj", "{C2F3EDF8-11F6-45FC-AA72-0A4C01AA334D}"
EndProject
Project("{FAE04EC0-301F-11D3-BF4B-00C04F79EFBC}") = "WebAPI", "WebAPI\WebAPI.csproj", "{C549775B-4A50-4CAE-9B6A-BD6ACB516B48}"
EndProject
Global
	GlobalSection(SolutionConfigurationPlatforms) = preSolution
		Debug|Any CPU = Debug|Any CPU
		Release|Any CPU = Release|Any CPU
	EndGlobalSection
	GlobalSection(ProjectConfigurationPlatforms) = postSolution
		{D92A96D2-F6A2-4EFF-B99F-59EB2BBD905D}.Debug|Any CPU.ActiveCfg = Debug|Any CPU
		{D92A96D2-F6A2-4EFF-B99F-59EB2BBD905D}.Debug|Any CPU.Build.0 = Debug|Any CPU
		{D92A96D2-F6A2-4EFF-B99F-59EB2BBD905D}.Release|Any CPU.ActiveCfg = Release|Any CPU
		{D92A96D2-F6A2-4EFF-B99F-59EB2BBD905D}.Release|Any CPU.Build.0 = Release|Any CPU
		{6436E56F-B7AE-4DD3-8C17-A03472F282D9}.Debug|Any CPU.ActiveCfg = Debug|Any CPU
		{6436E56F-B7AE-4DD3-8C17-A03472F282D9}.Debug|Any CPU.Build.0 = Debug|Any CPU
		{6436E56F-B7AE-4DD3-8C17-A03472F282D9}.Release|Any CPU.ActiveCfg = Release|Any CPU
		{6436E56F-B7AE-4DD3-8C17-A03472F282D9}.Release|Any CPU.Build.0 = Release|Any CPU
		{EB61CCF4-CB8A-4DB3-8ABA-A17CBC47DF94}.Debug|Any CPU.ActiveCfg = Debug|Any CPU
		{EB61CCF4-CB8A-4DB3-8ABA-A17CBC47DF94}.Debug|Any CPU.Build.0 = Debug|Any CPU
		{EB61CCF4-CB8A-4DB3-8ABA-A17CBC47DF94}.Release|Any CPU.ActiveCfg = Release|Any CPU
		{EB61CCF4-CB8A-4DB3-8ABA-A17CBC47DF94}.Release|Any CPU.Build.0 = Release|Any CPU
		{C2F3EDF8-11F6-45FC-AA72-0A4C01AA334D}.Debug|Any CPU.ActiveCfg = Debug|Any CPU
		{C2F3EDF8-11F6-45FC-AA72-0A4C01AA334D}.Debug|Any CPU.Build.0 = Debug|Any CPU
		{C2F3EDF8-11F6-45FC-AA72-0A4C01AA334D}.Release|Any CPU.ActiveCfg = Release|Any CPU
		{C2F3EDF8-11F6-45FC-AA72-0A4C01AA334D}.Release|Any CPU.Build.0 = Release|Any CPU
		{C549775B-4A50-4CAE-9B6A-BD6ACB516B48}.Debug|Any CPU.ActiveCfg = Debug|Any CPU
		{C549775B-4A50-4CAE-9B6A-BD6ACB516B48}.Debug|Any CPU.Build.0 = Debug|Any CPU
		{C549775B-4A50-4CAE-9B6A-BD6ACB516B48}.Release|Any CPU.ActiveCfg = Release|Any CPU
		{C549775B-4A50-4CAE-9B6A-BD6ACB516B48}.Release|Any CPU.Build.0 = Release|Any CPU
	EndGlobalSection
	GlobalSection(SolutionProperties) = preSolution
		HideSolutionNode = FALSE
	EndGlobalSection
	GlobalSection(ExtensibilityGlobals) = postSolution
		SolutionGuid = {C8F57533-3EB5-4959-BEE8-8969CA4BB06F}
	EndGlobalSection
EndGlobal
